{
  "dependencies": {
    "@types/vscode": {
      "dev": true,
      "integrity": "sha512-Kt3bvWzAvvF/WH9YEcrCICDp0Z7aHhJGhLJ1BxeyNP6yRjonWqWnAIh35/pXAjswAnWOABrYlF7SwXR9+1nnLA==",
      "resolved": "https://registry.npmjs.org/@types/vscode/-/vscode-1.52.0.tgz",
      "version": "1.52.0"
    },
    "balanced-match": {
      "integrity": "sha1-ibTRmasr7kneFk6gK4nORi1xt2c=",
      "resolved": "https://registry.npmjs.org/balanced-match/-/balanced-match-1.0.0.tgz",
      "version": "1.0.0"
    },
    "brace-expansion": {
      "integrity": "sha512-iCuPHDFgrHX7H2vEI/5xpz07zSHB00TpugqhmYtVmMO6518mCuRMoOYFldEBl0g187ufozdaHgWKcYFb61qGiA==",
      "requires": {
        "balanced-match": "^1.0.0",
        "concat-map": "0.0.1"
      },
      "resolved": "https://registry.npmjs.org/brace-expansion/-/brace-expansion-1.1.11.tgz",
      "version": "1.1.11"
    },
    "concat-map": {
      "integrity": "sha1-2Klr13/Wjfd5OnMDajug1UBdR3s=",
      "resolved": "https://registry.npmjs.org/concat-map/-/concat-map-0.0.1.tgz",
      "version": "0.0.1"
    },
    "lru-cache": {
      "integrity": "sha512-Jo6dJ04CmSjuznwJSS3pUeWmd/H0ffTlkXXgwZi+eq1UCmqQwCh+eLsYOYCwY991i2Fah4h1BEMCx4qThGbsiA==",
      "requires": {
        "yallist": "^4.0.0"
      },
      "resolved": "https://registry.npmjs.org/lru-cache/-/lru-cache-6.0.0.tgz",
      "version": "6.0.0"
    },
    "minimatch": {
      "integrity": "sha512-J7p63hRiAjw1NDEww1W7i37+ByIrOWO5XQQAzZ3VOcL0PNybwpfmV/N05zFAzwQ9USyEcX6t3UO+K5aqBQOIHw==",
      "requires": {
        "brace-expansion": "^1.1.7"
      },
      "resolved": "https://registry.npmjs.org/minimatch/-/minimatch-3.1.2.tgz",
      "version": "3.1.2"
    },
    "semver": {
      "integrity": "sha512-tCfb2WLjqFAtXn4KEdxIhalnRtoKFN7nAwj0B3ZXCbQloV2tq5eDbcTmT68JJD3nRJq24/XgxtQKFIpQdtvmVw==",
      "requires": {
        "lru-cache": "^6.0.0"
      },
      "resolved": "https://registry.npmjs.org/semver/-/semver-7.3.4.tgz",
      "version": "7.3.4"
    },
    "vscode-jsonrpc": {
      "integrity": "sha512-wnJA4BnEjOSyFMvjZdpiOwhSq9uDoK8e/kpRJDTaMYzwlkrhG1fwDIZI94CLsLzlCK5cIbMMtFlJlfR57Lavmg==",
      "resolved": "https://registry.npmjs.org/vscode-jsonrpc/-/vscode-jsonrpc-6.0.0.tgz",
      "version": "6.0.0"
    },
    "vscode-languageclient": {
      "integrity": "sha512-P9AXdAPlsCgslpP9pRxYPqkNYV7Xq8300/aZDpO35j1fJm/ncize8iGswzYlcvFw5DQUx4eVk+KvfXdL0rehNg==",
      "requires": {
        "minimatch": "^3.0.4",
        "semver": "^7.3.4",
        "vscode-languageserver-protocol": "3.16.0"
      },
      "resolved": "https://registry.npmjs.org/vscode-languageclient/-/vscode-languageclient-7.0.0.tgz",
      "version": "7.0.0"
    },
    "vscode-languageserver-protocol": {
      "integrity": "sha512-sdeUoAawceQdgIfTI+sdcwkiK2KU+2cbEYA0agzM2uqaUy2UpnnGHtWTHVEtS0ES4zHU0eMFRGN+oQgDxlD66A==",
      "requires": {
        "vscode-jsonrpc": "6.0.0",
        "vscode-languageserver-types": "3.16.0"
      },
      "resolved": "https://registry.npmjs.org/vscode-languageserver-protocol/-/vscode-languageserver-protocol-3.16.0.tgz",
      "version": "3.16.0"
    },
    "vscode-languageserver-types": {
      "integrity": "sha512-k8luDIWJWyenLc5ToFQQMaSrqCHiLwyKPHKPQZ5zz21vM+vIVUSvsRpcbiECH4WR88K2XZqc4ScRcZ7nk/jbeA==",
      "resolved": "https://registry.npmjs.org/vscode-languageserver-types/-/vscode-languageserver-types-3.16.0.tgz",
      "version": "3.16.0"
    },
    "yallist": {
      "integrity": "sha512-3wdGidZyq5PB084XLES5TpOSRA3wjXAlIWMhum2kRcv/41Sn2emQ0dycQW4uZXLejwKvg6EsvbdlVL+FYEct7A==",
      "resolved": "https://registry.npmjs.org/yallist/-/yallist-4.0.0.tgz",
      "version": "4.0.0"
    }
  },
  "lockfileVersion": 2,
  "name": "lsp-sample-multi-server-client-part",
  "packages": {
    "": {
      "dependencies": {
        "vscode-languageclient": "^7.0.0"
      },
      "devDependencies": {
        "@types/vscode": "^1.52.0"
      },
      "engines": {
        "vscode": "^1.52.0"
      },
      "license": "MIT",
      "name": "lsp-sample-multi-server-client-part",
      "version": "0.0.1"
    },
    "node_modules/@types/vscode": {
      "dev": true,
      "integrity": "sha512-Kt3bvWzAvvF/WH9YEcrCICDp0Z7aHhJGhLJ1BxeyNP6yRjonWqWnAIh35/pXAjswAnWOABrYlF7SwXR9+1nnLA==",
      "resolved": "https://registry.npmjs.org/@types/vscode/-/vscode-1.52.0.tgz",
      "version": "1.52.0"
    },
    "node_modules/balanced-match": {
      "integrity": "sha1-ibTRmasr7kneFk6gK4nORi1xt2c=",
      "resolved": "https://registry.npmjs.org/balanced-match/-/balanced-match-1.0.0.tgz",
      "version": "1.0.0"
    },
    "node_modules/brace-expansion": {
      "dependencies": {
        "balanced-match": "^1.0.0",
        "concat-map": "0.0.1"
      },
      "integrity": "sha512-iCuPHDFgrHX7H2vEI/5xpz07zSHB00TpugqhmYtVmMO6518mCuRMoOYFldEBl0g187ufozdaHgWKcYFb61qGiA==",
      "resolved": "https://registry.npmjs.org/brace-expansion/-/brace-expansion-1.1.11.tgz",
      "version": "1.1.11"
    },
    "node_modules/concat-map": {
      "integrity": "sha1-2Klr13/Wjfd5OnMDajug1UBdR3s=",
      "resolved": "https://registry.npmjs.org/concat-map/-/concat-map-0.0.1.tgz",
      "version": "0.0.1"
    },
    "node_modules/lru-cache": {
      "dependencies": {
        "yallist": "^4.0.0"
      },
      "engines": {
        "node": ">=10"
      },
      "integrity": "sha512-Jo6dJ04CmSjuznwJSS3pUeWmd/H0ffTlkXXgwZi+eq1UCmqQwCh+eLsYOYCwY991i2Fah4h1BEMCx4qThGbsiA==",
      "resolved": "https://registry.npmjs.org/lru-cache/-/lru-cache-6.0.0.tgz",
      "version": "6.0.0"
    },
    "node_modules/minimatch": {
      "dependencies": {
        "brace-expansion": "^1.1.7"
      },
      "engines": {
        "node": "*"
      },
      "integrity": "sha512-J7p63hRiAjw1NDEww1W7i37+ByIrOWO5XQQAzZ3VOcL0PNybwpfmV/N05zFAzwQ9USyEcX6t3UO+K5aqBQOIHw==",
      "resolved": "https://registry.npmjs.org/minimatch/-/minimatch-3.1.2.tgz",
      "version": "3.1.2"
    },
    "node_modules/semver": {
      "bin": {
        "semver": "bin/semver.js"
      },
      "dependencies": {
        "lru-cache": "^6.0.0"
      },
      "engines": {
        "node": ">=10"
      },
      "integrity": "sha512-tCfb2WLjqFAtXn4KEdxIhalnRtoKFN7nAwj0B3ZXCbQloV2tq5eDbcTmT68JJD3nRJq24/XgxtQKFIpQdtvmVw==",
      "resolved": "https://registry.npmjs.org/semver/-/semver-7.3.4.tgz",
      "version": "7.3.4"
    },
    "node_modules/vscode-jsonrpc": {
      "engines": {
        "node": ">=8.0.0 || >=10.0.0"
      },
      "integrity": "sha512-wnJA4BnEjOSyFMvjZdpiOwhSq9uDoK8e/kpRJDTaMYzwlkrhG1fwDIZI94CLsLzlCK5cIbMMtFlJlfR57Lavmg==",
      "resolved": "https://registry.npmjs.org/vscode-jsonrpc/-/vscode-jsonrpc-6.0.0.tgz",
      "version": "6.0.0"
    },
    "node_modules/vscode-languageclient": {
      "dependencies": {
        "minimatch": "^3.0.4",
        "semver": "^7.3.4",
        "vscode-languageserver-protocol": "3.16.0"
      },
      "engines": {
        "vscode": "^1.52.0"
      },
      "integrity": "sha512-P9AXdAPlsCgslpP9pRxYPqkNYV7Xq8300/aZDpO35j1fJm/ncize8iGswzYlcvFw5DQUx4eVk+KvfXdL0rehNg==",
      "resolved": "https://registry.npmjs.org/vscode-languageclient/-/vscode-languageclient-7.0.0.tgz",
      "version": "7.0.0"
    },
    "node_modules/vscode-languageserver-protocol": {
      "dependencies": {
        "vscode-jsonrpc": "6.0.0",
        "vscode-languageserver-types": "3.16.0"
      },
      "integrity": "sha512-sdeUoAawceQdgIfTI+sdcwkiK2KU+2cbEYA0agzM2uqaUy2UpnnGHtWTHVEtS0ES4zHU0eMFRGN+oQgDxlD66A==",
      "resolved": "https://registry.npmjs.org/vscode-languageserver-protocol/-/vscode-languageserver-protocol-3.16.0.tgz",
      "version": "3.16.0"
    },
    "node_modules/vscode-languageserver-types": {
      "integrity": "sha512-k8luDIWJWyenLc5ToFQQMaSrqCHiLwyKPHKPQZ5zz21vM+vIVUSvsRpcbiECH4WR88K2XZqc4ScRcZ7nk/jbeA==",
      "resolved": "https://registry.npmjs.org/vscode-languageserver-types/-/vscode-languageserver-types-3.16.0.tgz",
      "version": "3.16.0"
    },
    "node_modules/yallist": {
      "integrity": "sha512-3wdGidZyq5PB084XLES5TpOSRA3wjXAlIWMhum2kRcv/41Sn2emQ0dycQW4uZXLejwKvg6EsvbdlVL+FYEct7A==",
      "resolved": "https://registry.npmjs.org/yallist/-/yallist-4.0.0.tgz",
      "version": "4.0.0"
    }
  },
  "requires": true,
  "version": "0.0.1"
}