{
  "dependencies": {
    "@types/vscode": {
      "dev": true,
      "integrity": "sha512-kIaR9qzd80rJOxePKpCB/mdy00mz8Apt2QA5Y6rdrKFn13QNFNeP3Hzmsf37Bwh/3cS7QjtAeGSK7wSqAU0sYQ==",
      "resolved": "https://registry.npmjs.org/@types/vscode/-/vscode-1.43.0.tgz",
      "version": "1.43.0"
    },
    "vscode-html-languageservice": {
      "dependencies": {
        "vscode-languageserver-types": {
          "integrity": "sha512-+a9MPUQrNGRrGU630OGbYVQ+11iOIovjCkqxajPa9w57Sd5ruK8WQNsslzpa0x/QJqC8kRc2DUxWjIFwoNm4ZQ==",
          "resolved": "https://registry.npmjs.org/vscode-languageserver-types/-/vscode-languageserver-types-3.15.1.tgz",
          "version": "3.15.1"
        }
      },
      "integrity": "sha512-U+upM3gHp3HaF3wXAnUduA6IDKcz6frWS/dTAju3cZVIyZwOLBBFElQVlLH0ycHyMzqUFrjvdv+kEyPAEWfQ/g==",
      "requires": {
        "vscode-languageserver-types": "^3.15.0-next.2",
        "vscode-nls": "^4.1.1",
        "vscode-uri": "^2.0.3"
      },
      "resolved": "https://registry.npmjs.org/vscode-html-languageservice/-/vscode-html-languageservice-3.0.3.tgz",
      "version": "3.0.3"
    },
    "vscode-jsonrpc": {
      "integrity": "sha512-JvONPptw3GAQGXlVV2utDcHx0BiY34FupW/kI6mZ5x06ER5DdPG/tXWMVHjTNULF5uKPOUUD0SaXg5QaubJL0A==",
      "resolved": "https://registry.npmjs.org/vscode-jsonrpc/-/vscode-jsonrpc-5.0.1.tgz",
      "version": "5.0.1"
    },
    "vscode-languageclient": {
      "dependencies": {
        "semver": {
          "integrity": "sha512-b39TBaTSfV6yBrapU89p5fKekE2m/NwnDocOVruQFS1/veMgdzuPcnOM34M6CwxW8jH/lxEa5rBoDeUwu5HHTw==",
          "resolved": "https://registry.npmjs.org/semver/-/semver-6.3.0.tgz",
          "version": "6.3.0"
        }
      },
      "integrity": "sha512-EUOU+bJu6axmt0RFNo3nrglQLPXMfanbYViJee3Fbn2VuQoX0ZOI4uTYhSRvYLP2vfwTP/juV62P/mksCdTZMA==",
      "requires": {
        "semver": "^6.3.0",
        "vscode-languageserver-protocol": "3.15.3"
      },
      "resolved": "https://registry.npmjs.org/vscode-languageclient/-/vscode-languageclient-6.1.4.tgz",
      "version": "6.1.4"
    },
    "vscode-languageserver-protocol": {
      "integrity": "sha512-zrMuwHOAQRhjDSnflWdJG+O2ztMWss8GqUUB8dXLR/FPenwkiBNkMIJJYfSN6sgskvsF0rHAoBowNQfbyZnnvw==",
      "requires": {
        "vscode-jsonrpc": "^5.0.1",
        "vscode-languageserver-types": "3.15.1"
      },
      "resolved": "https://registry.npmjs.org/vscode-languageserver-protocol/-/vscode-languageserver-protocol-3.15.3.tgz",
      "version": "3.15.3"
    },
    "vscode-languageserver-types": {
      "integrity": "sha512-+a9MPUQrNGRrGU630OGbYVQ+11iOIovjCkqxajPa9w57Sd5ruK8WQNsslzpa0x/QJqC8kRc2DUxWjIFwoNm4ZQ==",
      "resolved": "https://registry.npmjs.org/vscode-languageserver-types/-/vscode-languageserver-types-3.15.1.tgz",
      "version": "3.15.1"
    },
    "vscode-nls": {
      "integrity": "sha512-7bOHxPsfyuCqmP+hZXscLhiHwe7CSuFE4hyhbs22xPIhQ4jv99FcR4eBzfYYVLP356HNFpdvz63FFb/xw6T4Iw==",
      "resolved": "https://registry.npmjs.org/vscode-nls/-/vscode-nls-4.1.2.tgz",
      "version": "4.1.2"
    },
    "vscode-uri": {
      "integrity": "sha512-eY9jmGoEnVf8VE8xr5znSah7Qt1P/xsCdErz+g8HYZtJ7bZqKH5E3d+6oVNm1AC/c6IHUDokbmVXKOi4qPAC9A==",
      "resolved": "https://registry.npmjs.org/vscode-uri/-/vscode-uri-2.1.1.tgz",
      "version": "2.1.1"
    }
  },
  "lockfileVersion": 2,
  "name": "lsp-sample-client",
  "packages": {
    "": {
      "dependencies": {
        "vscode-html-languageservice": "^3.0.3",
        "vscode-languageclient": "^6.1.4"
      },
      "devDependencies": {
        "@types/vscode": "^1.43.0"
      },
      "engines": {
        "vscode": "^1.43.0"
      },
      "license": "MIT",
      "name": "lsp-sample-client",
      "version": "0.0.1"
    },
    "node_modules/@types/vscode": {
      "dev": true,
      "integrity": "sha512-kIaR9qzd80rJOxePKpCB/mdy00mz8Apt2QA5Y6rdrKFn13QNFNeP3Hzmsf37Bwh/3cS7QjtAeGSK7wSqAU0sYQ==",
      "resolved": "https://registry.npmjs.org/@types/vscode/-/vscode-1.43.0.tgz",
      "version": "1.43.0"
    },
    "node_modules/vscode-html-languageservice": {
      "dependencies": {
        "vscode-languageserver-types": "^3.15.0-next.2",
        "vscode-nls": "^4.1.1",
        "vscode-uri": "^2.0.3"
      },
      "integrity": "sha512-U+upM3gHp3HaF3wXAnUduA6IDKcz6frWS/dTAju3cZVIyZwOLBBFElQVlLH0ycHyMzqUFrjvdv+kEyPAEWfQ/g==",
      "resolved": "https://registry.npmjs.org/vscode-html-languageservice/-/vscode-html-languageservice-3.0.3.tgz",
      "version": "3.0.3"
    },
    "node_modules/vscode-html-languageservice/node_modules/vscode-languageserver-types": {
      "integrity": "sha512-+a9MPUQrNGRrGU630OGbYVQ+11iOIovjCkqxajPa9w57Sd5ruK8WQNsslzpa0x/QJqC8kRc2DUxWjIFwoNm4ZQ==",
      "resolved": "https://registry.npmjs.org/vscode-languageserver-types/-/vscode-languageserver-types-3.15.1.tgz",
      "version": "3.15.1"
    },
    "node_modules/vscode-jsonrpc": {
      "engines": {
        "node": ">=8.0.0 || >=10.0.0"
      },
      "integrity": "sha512-JvONPptw3GAQGXlVV2utDcHx0BiY34FupW/kI6mZ5x06ER5DdPG/tXWMVHjTNULF5uKPOUUD0SaXg5QaubJL0A==",
      "resolved": "https://registry.npmjs.org/vscode-jsonrpc/-/vscode-jsonrpc-5.0.1.tgz",
      "version": "5.0.1"
    },
    "node_modules/vscode-languageclient": {
      "dependencies": {
        "semver": "^6.3.0",
        "vscode-languageserver-protocol": "3.15.3"
      },
      "engines": {
        "vscode": "^1.41.0"
      },
      "integrity": "sha512-EUOU+bJu6axmt0RFNo3nrglQLPXMfanbYViJee3Fbn2VuQoX0ZOI4uTYhSRvYLP2vfwTP/juV62P/mksCdTZMA==",
      "resolved": "https://registry.npmjs.org/vscode-languageclient/-/vscode-languageclient-6.1.4.tgz",
      "version": "6.1.4"
    },
    "node_modules/vscode-languageclient/node_modules/semver": {
      "bin": {
        "semver": "bin/semver.js"
      },
      "integrity": "sha512-b39TBaTSfV6yBrapU89p5fKekE2m/NwnDocOVruQFS1/veMgdzuPcnOM34M6CwxW8jH/lxEa5rBoDeUwu5HHTw==",
      "resolved": "https://registry.npmjs.org/semver/-/semver-6.3.0.tgz",
      "version": "6.3.0"
    },
    "node_modules/vscode-languageserver-protocol": {
      "dependencies": {
        "vscode-jsonrpc": "^5.0.1",
        "vscode-languageserver-types": "3.15.1"
      },
      "integrity": "sha512-zrMuwHOAQRhjDSnflWdJG+O2ztMWss8GqUUB8dXLR/FPenwkiBNkMIJJYfSN6sgskvsF0rHAoBowNQfbyZnnvw==",
      "resolved": "https://registry.npmjs.org/vscode-languageserver-protocol/-/vscode-languageserver-protocol-3.15.3.tgz",
      "version": "3.15.3"
    },
    "node_modules/vscode-languageserver-types": {
      "integrity": "sha512-+a9MPUQrNGRrGU630OGbYVQ+11iOIovjCkqxajPa9w57Sd5ruK8WQNsslzpa0x/QJqC8kRc2DUxWjIFwoNm4ZQ==",
      "resolved": "https://registry.npmjs.org/vscode-languageserver-types/-/vscode-languageserver-types-3.15.1.tgz",
      "version": "3.15.1"
    },
    "node_modules/vscode-nls": {
      "integrity": "sha512-7bOHxPsfyuCqmP+hZXscLhiHwe7CSuFE4hyhbs22xPIhQ4jv99FcR4eBzfYYVLP356HNFpdvz63FFb/xw6T4Iw==",
      "resolved": "https://registry.npmjs.org/vscode-nls/-/vscode-nls-4.1.2.tgz",
      "version": "4.1.2"
    },
    "node_modules/vscode-uri": {
      "integrity": "sha512-eY9jmGoEnVf8VE8xr5znSah7Qt1P/xsCdErz+g8HYZtJ7bZqKH5E3d+6oVNm1AC/c6IHUDokbmVXKOi4qPAC9A==",
      "resolved": "https://registry.npmjs.org/vscode-uri/-/vscode-uri-2.1.1.tgz",
      "version": "2.1.1"
    }
  },
  "requires": true,
  "version": "0.0.1"
}